lockfileVersion: '9.0'

settings:
  autoInstallPeers: true
  excludeLinksFromLockfile: false

importers:

  .:
    dependencies:
      lambda-multipart-parser:
        specifier: ^1.0.1
        version: 1.0.1

packages:

  busboy@0.3.1:
    resolution: {integrity: sha512-y7tTxhGKXcyBxRKAni+awqx8uqaJKrSFSNFSeRG5CsWNdmy2BIK+6VGWEW7TZnIO/533mtMEA4rOevQV815YJw==}
    engines: {node: '>=4.5.0'}

  dicer@0.3.0:
    resolution: {integrity: sha512-MdceRRWqltEG2dZqO769g27N/3PXfcKl04VhYnBlo2YhH7zPi88VebsjTKclaOyiuMaGU72hTfw3VkUitGcVCA==}
    engines: {node: '>=4.5.0'}

  lambda-multipart-parser@1.0.1:
    resolution: {integrity: sha512-5FKqZAoJuAXJXIAQvr/60vpB/Cf0+tds/V6896ZwpoAldHL7+INviVhbGzQIjmmtgw9oaig13q6kHwlnFT/NqA==}

  streamsearch@0.1.2:
    resolution: {integrity: sha512-jos8u++JKm0ARcSUTAZXOVC0mSox7Bhn6sBgty73P1f3JGf7yG2clTbBNHUdde/kdvP2FESam+vM6l8jBrNxHA==}
    engines: {node: '>=0.8.0'}

snapshots:

  busboy@0.3.1:
    dependencies:
      dicer: 0.3.0

  dicer@0.3.0:
    dependencies:
      streamsearch: 0.1.2

  lambda-multipart-parser@1.0.1:
    dependencies:
      busboy: 0.3.1

  streamsearch@0.1.2: {}
